
Microsoft Visual Studio Solution File, Format Version 12.00
# Visual Studio Version 17
VisualStudioVersion = 17.5.002.0
MinimumVisualStudioVersion = 10.0.40219.1
Project("{9A19103F-16F7-4668-BE54-9A1E7A4F7556}") = "TeachPlanner.BlazorClient", "TeachPlanner.BlazorClient.csproj", "{EF97A582-B018-48E7-9A14-14BE7C771866}"
EndProject
Global
	GlobalSection(SolutionConfigurationPlatforms) = preSolution
		Debug|Any CPU = Debug|Any CPU
		Release|Any CPU = Release|Any CPU
	EndGlobalSection
	GlobalSection(ProjectConfigurationPlatforms) = postSolution
		{EF97A582-B018-48E7-9A14-14BE7C771866}.Debug|Any CPU.ActiveCfg = Debug|Any CPU
		{EF97A582-B018-48E7-9A14-14BE7C771866}.Debug|Any CPU.Build.0 = Debug|Any CPU
		{EF97A582-B018-48E7-9A14-14BE7C771866}.Release|Any CPU.ActiveCfg = Release|Any CPU
		{EF97A582-B018-48E7-9A14-14BE7C771866}.Release|Any CPU.Build.0 = Release|Any CPU
	EndGlobalSection
	GlobalSection(SolutionProperties) = preSolution
		HideSolutionNode = FALSE
	EndGlobalSection
	GlobalSection(ExtensibilityGlobals) = postSolution
		SolutionGuid = {DC0982E1-1BBA-4411-BD7C-E98F0A02AF2C}
	EndGlobalSection
EndGlobal
